{
  "version": 4,
  "terraform_version": "1.2.6",
  "serial": 295,
  "lineage": "27f555c8-33f0-f92f-2b53-9d513fdf1c28",
  "outputs": {},
  "resources": [
    {
      "mode": "managed",
      "type": "azurerm_resource_group",
      "name": "ipfs",
      "provider": "provider[\"registry.terraform.io/hashicorp/azurerm\"]",
      "instances": [
        {
          "schema_version": 0,
          "attributes": {
            "id": "/subscriptions/0cc95402-1395-4f69-9d92-0c7bd2588425/resourceGroups/ipfs_resource_group",
            "location": "eastus",
            "name": "ipfs_resource_group",
            "tags": null,
            "timeouts": null
          },
          "sensitive_attributes": [],
          "private": "eyJlMmJmYjczMC1lY2FhLTExZTYtOGY4OC0zNDM2M2JjN2M0YzAiOnsiY3JlYXRlIjo1NDAwMDAwMDAwMDAwLCJkZWxldGUiOjU0MDAwMDAwMDAwMDAsInJlYWQiOjMwMDAwMDAwMDAwMCwidXBkYXRlIjo1NDAwMDAwMDAwMDAwfX0="
        }
      ]
    },
    {
      "module": "module.powergate-machine",
      "mode": "data",
      "type": "azurerm_shared_image",
      "name": "search",
      "provider": "provider[\"registry.terraform.io/hashicorp/azurerm\"]",
      "instances": [
        {
          "schema_version": 0,
          "attributes": {
            "description": "",
            "eula": "",
            "gallery_name": "powergate",
            "hyper_v_generation": "V1",
            "id": "/subscriptions/0cc95402-1395-4f69-9d92-0c7bd2588425/resourceGroups/bridgez/providers/Microsoft.Compute/galleries/powergate/images/powergate-image-definition",
            "identifier": [
              {
                "offer": "powergate-offer",
                "publisher": "powergate-publish",
                "sku": "powergate-sku"
              }
            ],
            "location": "eastus",
            "name": "powergate-image-definition",
            "os_type": "Linux",
            "privacy_statement_uri": "",
            "release_note_uri": "",
            "resource_group_name": "bridgez",
            "specialized": false,
            "tags": {},
            "timeouts": null
          },
          "sensitive_attributes": []
        }
      ]
    },
    {
      "module": "module.powergate-machine",
      "mode": "managed",
      "type": "azurerm_linux_virtual_machine",
      "name": "example",
      "provider": "provider[\"registry.terraform.io/hashicorp/azurerm\"]",
      "instances": [
        {
          "schema_version": 0,
          "attributes": {
            "additional_capabilities": [],
            "admin_password": null,
            "admin_ssh_key": [
              {
                "public_key": "ssh-rsa AAAAB3NzaC1yc2EAAAADAQABAAABgQCTCbnhpBcMRnYt1BhMnbX/Q1EAFSTLKG7jpqw7qvywsJEC97UvsovbVIjwx8TKTvXvwG7rskebJufSTHY8rvr4hX5MbVPI/E+yVznVIm1kJrjgEAIddcGYYVuwH5bT6iC4XQ7Ri44pyDSjWGNDLnxM7/ZHeJK/rgFN0UPFCoihgcSWk6fjfQrnw/XDBpl6h+0NLj+puyxu5mDouanQhcgbw4cdPEDwyc2r6hGCwj4ViassvMYwf6sZijQ9XSi0PqbldXPp/XBr1Wln2beRd/drfAmSwKKfwXy1+5mmebmNyal5NVZUEu7pP4fdOiL/WHxefIlGqTSNP74n4gH5YZU9uteArBcnr8RvMIPVeSrEHPXuYAIKlZBBRUY8H8E/ja1ZXPiLz5MpDH3URKagzFhFoWiSm28OXzsukuk3BobeNCf+g9UUnwWvuG8pmdCpi2mvDJriqbGJCJ1davSakpIGXMGZUG+X9bxdeFTb0TxJOFOUehM6kj4uD7jgmMai3rc= generated-by-azure",
                "username": "adminuser"
              }
            ],
            "admin_username": "adminuser",
            "allow_extension_operations": true,
            "availability_set_id": "",
            "boot_diagnostics": [],
            "computer_name": "ipfs-machine",
            "custom_data": "IyEvYmluL3NoCgpzdWRvIGFwdCB1cGRhdGUgLXkKCiNJbnN0YWxsYXRpb24gb2YgRG9ja2VyCnN1ZG8gYXB0IGluc3RhbGwgLXkgYXB0LXRyYW5zcG9ydC1odHRwcyBjYS1jZXJ0aWZpY2F0ZXMgY3VybCBzb2Z0d2FyZS1wcm9wZXJ0aWVzLWNvbW1vbgpjdXJsIC1mc1NMIGh0dHBzOi8vZG93bmxvYWQuZG9ja2VyLmNvbS9saW51eC91YnVudHUvZ3BnIHwgc3VkbyBhcHQta2V5IGFkZCAtCnN1ZG8gYWRkLWFwdC1yZXBvc2l0b3J5ICJkZWIgW2FyY2g9YW1kNjRdIGh0dHBzOi8vZG93bmxvYWQuZG9ja2VyLmNvbS9saW51eC91YnVudHUgZm9jYWwgc3RhYmxlIgphcHQtY2FjaGUgcG9saWN5IGRvY2tlci1jZQpzdWRvIGFwdCBpbnN0YWxsIC15IGRvY2tlci1jZQoKI0RvY2tlciB3aXRob3V0IHRoZSB1c2Ugb2Ygc3VkbwpzdWRvIHVzZXJtb2QgLWFHIGRvY2tlciAke1VTRVJ9CnN1ZG8gdXNlcm1vZCAtYUcgZG9ja2VyIGFkbWludXNlcgoKCiNJbnN0YWxsYXRpb24gb2YgR29sYW5nCnN1ZG8gd2dldCBodHRwczovL2dvLmRldi9kbC9nbzEuMTguNS5saW51eC1hbWQ2NC50YXIuZ3oKc3VkbyB0YXIgLUMgL3Vzci9sb2NhbCAteHpmIGdvMS4xOC41LmxpbnV4LWFtZDY0LnRhci5negpwcmludGYgJ2V4cG9ydCBQQVRIPSRQQVRIOi91c3IvbG9jYWwvZ28vYmluJyA+PiAvaG9tZS9hZG1pbnVzZXIvLnByb2ZpbGUKc291cmNlIC9ob21lL2FkbWludXNlci8ucHJvZmlsZQoKCiNJbnN0YWxhdGlvbiBvZiBHaXQKCnN1ZG8gYXB0IGluc3RhbGwgLXkgZ2l0LWFsbAoKY2QgL2hvbWUvYWRtaW51c2VyCgpnaXQgY2xvbmUgaHR0cHM6Ly9naXRodWIuY29tL3RleHRpbGVpby9wb3dlcmdhdGUKCgo=",
            "dedicated_host_id": "",
            "disable_password_authentication": true,
            "encryption_at_host_enabled": false,
            "eviction_policy": "",
            "extensions_time_budget": "PT1H30M",
            "id": "/subscriptions/0cc95402-1395-4f69-9d92-0c7bd2588425/resourceGroups/ipfs_resource_group/providers/Microsoft.Compute/virtualMachines/ipfs-machine",
            "identity": [
              {
                "identity_ids": null,
                "principal_id": "d205a89f-ea60-405d-84d5-3f1566124645",
                "tenant_id": "f359a0a1-6aa9-428b-8415-6b16fdd23314",
                "type": "SystemAssigned"
              }
            ],
            "location": "eastus",
            "max_bid_price": -1,
            "name": "ipfs-machine",
            "network_interface_ids": [
              "/subscriptions/0cc95402-1395-4f69-9d92-0c7bd2588425/resourceGroups/ipfs_resource_group/providers/Microsoft.Network/networkInterfaces/example-nic"
            ],
            "os_disk": [
              {
                "caching": "ReadWrite",
                "diff_disk_settings": [],
                "disk_encryption_set_id": "",
                "disk_size_gb": 30,
                "name": "ipfs-machine_OsDisk_1_3ced2619896342dfb529efc4e4517c44",
                "storage_account_type": "Standard_LRS",
                "write_accelerator_enabled": false
              }
            ],
            "plan": [],
            "priority": "Regular",
            "private_ip_address": "10.0.2.4",
            "private_ip_addresses": [
              "10.0.2.4"
            ],
            "provision_vm_agent": true,
            "proximity_placement_group_id": "",
            "public_ip_address": "168.62.189.79",
            "public_ip_addresses": [
              "168.62.189.79"
            ],
            "resource_group_name": "ipfs_resource_group",
            "secret": [],
            "size": "Standard_F2",
            "source_image_id": "",
            "source_image_reference": [
              {
                "offer": "UbuntuServer",
                "publisher": "Canonical",
                "sku": "18.04-LTS",
                "version": "latest"
              }
            ],
            "tags": null,
            "timeouts": null,
            "virtual_machine_id": "d7dbc05a-9f69-4318-830f-ce079c66d4b3",
            "virtual_machine_scale_set_id": "",
            "zone": ""
          },
          "sensitive_attributes": [],
          "private": "eyJlMmJmYjczMC1lY2FhLTExZTYtOGY4OC0zNDM2M2JjN2M0YzAiOnsiY3JlYXRlIjoyNzAwMDAwMDAwMDAwLCJkZWxldGUiOjI3MDAwMDAwMDAwMDAsInJlYWQiOjMwMDAwMDAwMDAwMCwidXBkYXRlIjoyNzAwMDAwMDAwMDAwfX0=",
          "dependencies": [
            "azurerm_resource_group.ipfs",
            "module.powergate-machine.azurerm_network_interface.example",
            "module.powergate-machine.azurerm_public_ip.example",
            "module.powergate-machine.azurerm_subnet.example",
            "module.powergate-machine.azurerm_virtual_network.example"
          ]
        }
      ]
    },
    {
      "module": "module.powergate-machine",
      "mode": "managed",
      "type": "azurerm_network_interface",
      "name": "example",
      "provider": "provider[\"registry.terraform.io/hashicorp/azurerm\"]",
      "instances": [
        {
          "schema_version": 0,
          "attributes": {
            "applied_dns_servers": [],
            "dns_servers": [],
            "enable_accelerated_networking": false,
            "enable_ip_forwarding": false,
            "id": "/subscriptions/0cc95402-1395-4f69-9d92-0c7bd2588425/resourceGroups/ipfs_resource_group/providers/Microsoft.Network/networkInterfaces/example-nic",
            "internal_dns_name_label": "",
            "internal_domain_name_suffix": "mabhb4ffje1effutudzywhpgff.bx.internal.cloudapp.net",
            "ip_configuration": [
              {
                "name": "internal",
                "primary": true,
                "private_ip_address": "10.0.2.4",
                "private_ip_address_allocation": "Dynamic",
                "private_ip_address_version": "IPv4",
                "public_ip_address_id": "/subscriptions/0cc95402-1395-4f69-9d92-0c7bd2588425/resourceGroups/ipfs_resource_group/providers/Microsoft.Network/publicIPAddresses/ipfs-vm-public-ip",
                "subnet_id": "/subscriptions/0cc95402-1395-4f69-9d92-0c7bd2588425/resourceGroups/ipfs_resource_group/providers/Microsoft.Network/virtualNetworks/example-network/subnets/internal"
              }
            ],
            "location": "eastus",
            "mac_address": "",
            "name": "example-nic",
            "private_ip_address": "10.0.2.4",
            "private_ip_addresses": [
              "10.0.2.4"
            ],
            "resource_group_name": "ipfs_resource_group",
            "tags": null,
            "timeouts": null,
            "virtual_machine_id": ""
          },
          "sensitive_attributes": [],
          "private": "eyJlMmJmYjczMC1lY2FhLTExZTYtOGY4OC0zNDM2M2JjN2M0YzAiOnsiY3JlYXRlIjoxODAwMDAwMDAwMDAwLCJkZWxldGUiOjE4MDAwMDAwMDAwMDAsInJlYWQiOjMwMDAwMDAwMDAwMCwidXBkYXRlIjoxODAwMDAwMDAwMDAwfX0=",
          "dependencies": [
            "azurerm_resource_group.ipfs",
            "module.powergate-machine.azurerm_public_ip.example",
            "module.powergate-machine.azurerm_subnet.example",
            "module.powergate-machine.azurerm_virtual_network.example"
          ]
        }
      ]
    },
    {
      "module": "module.powergate-machine",
      "mode": "managed",
      "type": "azurerm_network_interface_security_group_association",
      "name": "example",
      "provider": "provider[\"registry.terraform.io/hashicorp/azurerm\"]",
      "instances": [
        {
          "schema_version": 0,
          "attributes": {
            "id": "/subscriptions/0cc95402-1395-4f69-9d92-0c7bd2588425/resourceGroups/ipfs_resource_group/providers/Microsoft.Network/networkInterfaces/example-nic|/subscriptions/0cc95402-1395-4f69-9d92-0c7bd2588425/resourceGroups/ipfs_resource_group/providers/Microsoft.Network/networkSecurityGroups/ipfs-sg",
            "network_interface_id": "/subscriptions/0cc95402-1395-4f69-9d92-0c7bd2588425/resourceGroups/ipfs_resource_group/providers/Microsoft.Network/networkInterfaces/example-nic",
            "network_security_group_id": "/subscriptions/0cc95402-1395-4f69-9d92-0c7bd2588425/resourceGroups/ipfs_resource_group/providers/Microsoft.Network/networkSecurityGroups/ipfs-sg",
            "timeouts": null
          },
          "sensitive_attributes": [],
          "private": "eyJlMmJmYjczMC1lY2FhLTExZTYtOGY4OC0zNDM2M2JjN2M0YzAiOnsiY3JlYXRlIjoxODAwMDAwMDAwMDAwLCJkZWxldGUiOjE4MDAwMDAwMDAwMDAsInJlYWQiOjMwMDAwMDAwMDAwMCwidXBkYXRlIjoxODAwMDAwMDAwMDAwfX0=",
          "dependencies": [
            "azurerm_resource_group.ipfs",
            "module.powergate-machine.azurerm_network_interface.example",
            "module.powergate-machine.azurerm_network_security_group.example",
            "module.powergate-machine.azurerm_public_ip.example",
            "module.powergate-machine.azurerm_subnet.example",
            "module.powergate-machine.azurerm_virtual_network.example"
          ]
        }
      ]
    },
    {
      "module": "module.powergate-machine",
      "mode": "managed",
      "type": "azurerm_network_security_group",
      "name": "example",
      "provider": "provider[\"registry.terraform.io/hashicorp/azurerm\"]",
      "instances": [
        {
          "schema_version": 0,
          "attributes": {
            "id": "/subscriptions/0cc95402-1395-4f69-9d92-0c7bd2588425/resourceGroups/ipfs_resource_group/providers/Microsoft.Network/networkSecurityGroups/ipfs-sg",
            "location": "eastus",
            "name": "ipfs-sg",
            "resource_group_name": "ipfs_resource_group",
            "security_rule": [
              {
                "access": "Allow",
                "description": "",
                "destination_address_prefix": "*",
                "destination_address_prefixes": [],
                "destination_application_security_group_ids": [],
                "destination_port_range": "*",
                "destination_port_ranges": [],
                "direction": "Inbound",
                "name": "SSH",
                "priority": 1001,
                "protocol": "Tcp",
                "source_address_prefix": "*",
                "source_address_prefixes": [],
                "source_application_security_group_ids": [],
                "source_port_range": "*",
                "source_port_ranges": []
              }
            ],
            "tags": null,
            "timeouts": null
          },
          "sensitive_attributes": [],
          "private": "eyJlMmJmYjczMC1lY2FhLTExZTYtOGY4OC0zNDM2M2JjN2M0YzAiOnsiY3JlYXRlIjoxODAwMDAwMDAwMDAwLCJkZWxldGUiOjE4MDAwMDAwMDAwMDAsInJlYWQiOjMwMDAwMDAwMDAwMCwidXBkYXRlIjoxODAwMDAwMDAwMDAwfX0=",
          "dependencies": [
            "azurerm_resource_group.ipfs"
          ]
        }
      ]
    },
    {
      "module": "module.powergate-machine",
      "mode": "managed",
      "type": "azurerm_public_ip",
      "name": "example",
      "provider": "provider[\"registry.terraform.io/hashicorp/azurerm\"]",
      "instances": [
        {
          "schema_version": 0,
          "attributes": {
            "allocation_method": "Dynamic",
            "domain_name_label": null,
            "fqdn": null,
            "id": "/subscriptions/0cc95402-1395-4f69-9d92-0c7bd2588425/resourceGroups/ipfs_resource_group/providers/Microsoft.Network/publicIPAddresses/ipfs-vm-public-ip",
            "idle_timeout_in_minutes": 4,
            "ip_address": "",
            "ip_version": "IPv4",
            "location": "eastus",
            "name": "ipfs-vm-public-ip",
            "public_ip_prefix_id": null,
            "resource_group_name": "ipfs_resource_group",
            "reverse_fqdn": null,
            "sku": "Basic",
            "tags": {
              "environment": "Terraform Demo"
            },
            "timeouts": null,
            "zones": null
          },
          "sensitive_attributes": [],
          "private": "eyJlMmJmYjczMC1lY2FhLTExZTYtOGY4OC0zNDM2M2JjN2M0YzAiOnsiY3JlYXRlIjoxODAwMDAwMDAwMDAwLCJkZWxldGUiOjE4MDAwMDAwMDAwMDAsInJlYWQiOjMwMDAwMDAwMDAwMCwidXBkYXRlIjoxODAwMDAwMDAwMDAwfX0=",
          "dependencies": [
            "azurerm_resource_group.ipfs"
          ]
        }
      ]
    },
    {
      "module": "module.powergate-machine",
      "mode": "managed",
      "type": "azurerm_subnet",
      "name": "example",
      "provider": "provider[\"registry.terraform.io/hashicorp/azurerm\"]",
      "instances": [
        {
          "schema_version": 0,
          "attributes": {
            "address_prefix": "10.0.2.0/24",
            "address_prefixes": [
              "10.0.2.0/24"
            ],
            "delegation": [],
            "enforce_private_link_endpoint_network_policies": false,
            "enforce_private_link_service_network_policies": false,
            "id": "/subscriptions/0cc95402-1395-4f69-9d92-0c7bd2588425/resourceGroups/ipfs_resource_group/providers/Microsoft.Network/virtualNetworks/example-network/subnets/internal",
            "name": "internal",
            "resource_group_name": "ipfs_resource_group",
            "service_endpoint_policy_ids": null,
            "service_endpoints": null,
            "timeouts": null,
            "virtual_network_name": "example-network"
          },
          "sensitive_attributes": [],
          "private": "eyJlMmJmYjczMC1lY2FhLTExZTYtOGY4OC0zNDM2M2JjN2M0YzAiOnsiY3JlYXRlIjoxODAwMDAwMDAwMDAwLCJkZWxldGUiOjE4MDAwMDAwMDAwMDAsInJlYWQiOjMwMDAwMDAwMDAwMCwidXBkYXRlIjoxODAwMDAwMDAwMDAwfX0=",
          "dependencies": [
            "azurerm_resource_group.ipfs",
            "module.powergate-machine.azurerm_virtual_network.example"
          ]
        }
      ]
    },
    {
      "module": "module.powergate-machine",
      "mode": "managed",
      "type": "azurerm_virtual_network",
      "name": "example",
      "provider": "provider[\"registry.terraform.io/hashicorp/azurerm\"]",
      "instances": [
        {
          "schema_version": 0,
          "attributes": {
            "address_space": [
              "10.0.0.0/16"
            ],
            "bgp_community": "",
            "ddos_protection_plan": [],
            "dns_servers": null,
            "guid": "f8700260-49a5-4236-9693-a0f38b1de62d",
            "id": "/subscriptions/0cc95402-1395-4f69-9d92-0c7bd2588425/resourceGroups/ipfs_resource_group/providers/Microsoft.Network/virtualNetworks/example-network",
            "location": "eastus",
            "name": "example-network",
            "resource_group_name": "ipfs_resource_group",
            "subnet": [],
            "tags": null,
            "timeouts": null,
            "vm_protection_enabled": false
          },
          "sensitive_attributes": [],
          "private": "eyJlMmJmYjczMC1lY2FhLTExZTYtOGY4OC0zNDM2M2JjN2M0YzAiOnsiY3JlYXRlIjoxODAwMDAwMDAwMDAwLCJkZWxldGUiOjE4MDAwMDAwMDAwMDAsInJlYWQiOjMwMDAwMDAwMDAwMCwidXBkYXRlIjoxODAwMDAwMDAwMDAwfX0=",
          "dependencies": [
            "azurerm_resource_group.ipfs"
          ]
        }
      ]
    }
  ]
}
